
Microsoft Visual Studio Solution File, Format Version 12.00
# Visual Studio 15
VisualStudioVersion = 15.0.27428.2005
MinimumVisualStudioVersion = 10.0.40219.1
Project("{FAE04EC0-301F-11D3-BF4B-00C04F79EFBC}") = "NET.S.2018.Karakouski.3", "NET.S.2018.Karakouski.3\NET.S.2018.Karakouski.3.csproj", "{3FC32094-28B1-410F-B2B1-B4AF8A1A5D75}"
EndProject
Project("{FAE04EC0-301F-11D3-BF4B-00C04F79EFBC}") = "NET.S.2018.Karakouski.3.Tests", "NET.S.2018.Karakouski.3.Test\NET.S.2018.Karakouski.3.Tests.csproj", "{5ED028DC-5632-478D-AAC1-0689184FEDF2}"
EndProject
Global
	GlobalSection(SolutionConfigurationPlatforms) = preSolution
		Debug|Any CPU = Debug|Any CPU
		Release|Any CPU = Release|Any CPU
	EndGlobalSection
	GlobalSection(ProjectConfigurationPlatforms) = postSolution
		{3FC32094-28B1-410F-B2B1-B4AF8A1A5D75}.Debug|Any CPU.ActiveCfg = Debug|Any CPU
		{3FC32094-28B1-410F-B2B1-B4AF8A1A5D75}.Debug|Any CPU.Build.0 = Debug|Any CPU
		{3FC32094-28B1-410F-B2B1-B4AF8A1A5D75}.Release|Any CPU.ActiveCfg = Release|Any CPU
		{3FC32094-28B1-410F-B2B1-B4AF8A1A5D75}.Release|Any CPU.Build.0 = Release|Any CPU
		{5ED028DC-5632-478D-AAC1-0689184FEDF2}.Debug|Any CPU.ActiveCfg = Debug|Any CPU
		{5ED028DC-5632-478D-AAC1-0689184FEDF2}.Debug|Any CPU.Build.0 = Debug|Any CPU
		{5ED028DC-5632-478D-AAC1-0689184FEDF2}.Release|Any CPU.ActiveCfg = Release|Any CPU
		{5ED028DC-5632-478D-AAC1-0689184FEDF2}.Release|Any CPU.Build.0 = Release|Any CPU
	EndGlobalSection
	GlobalSection(SolutionProperties) = preSolution
		HideSolutionNode = FALSE
	EndGlobalSection
	GlobalSection(ExtensibilityGlobals) = postSolution
		SolutionGuid = {ABE26364-09BE-409F-8C22-200AFF65A341}
	EndGlobalSection
EndGlobal
